// !$*UTF8*$!
{
	archiveVersion = 1;
	classes = {
	};
	objectVersion = 56;
	objects = {

/* Begin PBXBuildFile section */
		40290FD829D1E65600FAC685 /* Meta_ios_developerApp.swift in Sources */ = {isa = PBXBuildFile; fileRef = 40290FD729D1E65600FAC685 /* Meta_ios_developerApp.swift */; };
		40290FDA29D1E65600FAC685 /* ContentView.swift in Sources */ = {isa = PBXBuildFile; fileRef = 40290FD929D1E65600FAC685 /* ContentView.swift */; };
		40290FDC29D1E65600FAC685 /* Assets.xcassets in Resources */ = {isa = PBXBuildFile; fileRef = 40290FDB29D1E65600FAC685 /* Assets.xcassets */; };
		40290FDF29D1E65600FAC685 /* Preview Assets.xcassets in Resources */ = {isa = PBXBuildFile; fileRef = 40290FDE29D1E65600FAC685 /* Preview Assets.xcassets */; };
		40290FE929D1E65700FAC685 /* Meta_ios_developerTests.swift in Sources */ = {isa = PBXBuildFile; fileRef = 40290FE829D1E65700FAC685 /* Meta_ios_developerTests.swift */; };
		40290FF329D1E65700FAC685 /* Meta_ios_developerUITests.swift in Sources */ = {isa = PBXBuildFile; fileRef = 40290FF229D1E65700FAC685 /* Meta_ios_developerUITests.swift */; };
		40290FF529D1E65700FAC685 /* Meta_ios_developerUITestsLaunchTests.swift in Sources */ = {isa = PBXBuildFile; fileRef = 40290FF429D1E65700FAC685 /* Meta_ios_developerUITestsLaunchTests.swift */; };
/* End PBXBuildFile section */

/* Begin PBXContainerItemProxy section */
		40290FE529D1E65700FAC685 /* PBXContainerItemProxy */ = {
			isa = PBXContainerItemProxy;
			containerPortal = 40290FCC29D1E65600FAC685 /* Project object */;
			proxyType = 1;
			remoteGlobalIDString = 40290FD329D1E65600FAC685;
			remoteInfo = "Meta ios developer";
		};
		40290FEF29D1E65700FAC685 /* PBXContainerItemProxy */ = {
			isa = PBXContainerItemProxy;
			containerPortal = 40290FCC29D1E65600FAC685 /* Project object */;
			proxyType = 1;
			remoteGlobalIDString = 40290FD329D1E65600FAC685;
			remoteInfo = "Meta ios developer";
		};
/* End PBXContainerItemProxy section */

/* Begin PBXFileReference section */
		40290FD429D1E65600FAC685 /* Meta ios developer.app */ = {isa = PBXFileReference; explicitFileType = wrapper.application; includeInIndex = 0; path = "Meta ios developer.app"; sourceTree = BUILT_PRODUCTS_DIR; };
		40290FD729D1E65600FAC685 /* Meta_ios_developerApp.swift */ = {isa = PBXFileReference; lastKnownFileType = sourcecode.swift; path = Meta_ios_developerApp.swift; sourceTree = "<group>"; };
		40290FD929D1E65600FAC685 /* ContentView.swift */ = {isa = PBXFileReference; lastKnownFileType = sourcecode.swift; path = ContentView.swift; sourceTree = "<group>"; };
		40290FDB29D1E65600FAC685 /* Assets.xcassets */ = {isa = PBXFileReference; lastKnownFileType = folder.assetcatalog; path = Assets.xcassets; sourceTree = "<group>"; };
		40290FDE29D1E65600FAC685 /* Preview Assets.xcassets */ = {isa = PBXFileReference; lastKnownFileType = folder.assetcatalog; path = "Preview Assets.xcassets"; sourceTree = "<group>"; };
		40290FE429D1E65700FAC685 /* Meta ios developerTests.xctest */ = {isa = PBXFileReference; explicitFileType = wrapper.cfbundle; includeInIndex = 0; path = "Meta ios developerTests.xctest"; sourceTree = BUILT_PRODUCTS_DIR; };
		40290FE829D1E65700FAC685 /* Meta_ios_developerTests.swift */ = {isa = PBXFileReference; lastKnownFileType = sourcecode.swift; path = Meta_ios_developerTests.swift; sourceTree = "<group>"; };
		40290FEE29D1E65700FAC685 /* Meta ios developerUITests.xctest */ = {isa = PBXFileReference; explicitFileType = wrapper.cfbundle; includeInIndex = 0; path = "Meta ios developerUITests.xctest"; sourceTree = BUILT_PRODUCTS_DIR; };
		40290FF229D1E65700FAC685 /* Meta_ios_developerUITests.swift */ = {isa = PBXFileReference; lastKnownFileType = sourcecode.swift; path = Meta_ios_developerUITests.swift; sourceTree = "<group>"; };
		40290FF429D1E65700FAC685 /* Meta_ios_developerUITestsLaunchTests.swift */ = {isa = PBXFileReference; lastKnownFileType = sourcecode.swift; path = Meta_ios_developerUITestsLaunchTests.swift; sourceTree = "<group>"; };
/* End PBXFileReference section */

/* Begin PBXFrameworksBuildPhase section */
		40290FD129D1E65600FAC685 /* Frameworks */ = {
			isa = PBXFrameworksBuildPhase;
			buildActionMask = 2147483647;
			files = (
			);
			runOnlyForDeploymentPostprocessing = 0;
		};
		40290FE129D1E65700FAC685 /* Frameworks */ = {
			isa = PBXFrameworksBuildPhase;
			buildActionMask = 2147483647;
			files = (
			);
			runOnlyForDeploymentPostprocessing = 0;
		};
		40290FEB29D1E65700FAC685 /* Frameworks */ = {
			isa = PBXFrameworksBuildPhase;
			buildActionMask = 2147483647;
			files = (
			);
			runOnlyForDeploymentPostprocessing = 0;
		};
/* End PBXFrameworksBuildPhase section */

/* Begin PBXGroup section */
		40290FCB29D1E65600FAC685 = {
			isa = PBXGroup;
			children = (
				40290FD629D1E65600FAC685 /* Meta ios developer */,
				40290FE729D1E65700FAC685 /* Meta ios developerTests */,
				40290FF129D1E65700FAC685 /* Meta ios developerUITests */,
				40290FD529D1E65600FAC685 /* Products */,
			);
			sourceTree = "<group>";
		};
		40290FD529D1E65600FAC685 /* Products */ = {
			isa = PBXGroup;
			children = (
				40290FD429D1E65600FAC685 /* Meta ios developer.app */,
				40290FE429D1E65700FAC685 /* Meta ios developerTests.xctest */,
				40290FEE29D1E65700FAC685 /* Meta ios developerUITests.xctest */,
			);
			name = Products;
			sourceTree = "<group>";
		};
		40290FD629D1E65600FAC685 /* Meta ios developer */ = {
			isa = PBXGroup;
			children = (
				40290FD729D1E65600FAC685 /* Meta_ios_developerApp.swift */,
				40290FD929D1E65600FAC685 /* ContentView.swift */,
				40290FDB29D1E65600FAC685 /* Assets.xcassets */,
				40290FDD29D1E65600FAC685 /* Preview Content */,
			);
			path = "Meta ios developer";
			sourceTree = "<group>";
		};
		40290FDD29D1E65600FAC685 /* Preview Content */ = {
			isa = PBXGroup;
			children = (
				40290FDE29D1E65600FAC685 /* Preview Assets.xcassets */,
			);
			path = "Preview Content";
			sourceTree = "<group>";
		};
		40290FE729D1E65700FAC685 /* Meta ios developerTests */ = {
			isa = PBXGroup;
			children = (
				40290FE829D1E65700FAC685 /* Meta_ios_developerTests.swift */,
			);
			path = "Meta ios developerTests";
			sourceTree = "<group>";
		};
		40290FF129D1E65700FAC685 /* Meta ios developerUITests */ = {
			isa = PBXGroup;
			children = (
				40290FF229D1E65700FAC685 /* Meta_ios_developerUITests.swift */,
				40290FF429D1E65700FAC685 /* Meta_ios_developerUITestsLaunchTests.swift */,
			);
			path = "Meta ios developerUITests";
			sourceTree = "<group>";
		};
/* End PBXGroup section */

/* Begin PBXNativeTarget section */
		40290FD329D1E65600FAC685 /* Meta ios developer */ = {
			isa = PBXNativeTarget;
			buildConfigurationList = 40290FF829D1E65700FAC685 /* Build configuration list for PBXNativeTarget "Meta ios developer" */;
			buildPhases = (
				40290FD029D1E65600FAC685 /* Sources */,
				40290FD129D1E65600FAC685 /* Frameworks */,
				40290FD229D1E65600FAC685 /* Resources */,
			);
			buildRules = (
			);
			dependencies = (
			);
			name = "Meta ios developer";
			productName = "Meta ios developer";
			productReference = 40290FD429D1E65600FAC685 /* Meta ios developer.app */;
			productType = "com.apple.product-type.application";
		};
		40290FE329D1E65700FAC685 /* Meta ios developerTests */ = {
			isa = PBXNativeTarget;
			buildConfigurationList = 40290FFB29D1E65700FAC685 /* Build configuration list for PBXNativeTarget "Meta ios developerTests" */;
			buildPhases = (
				40290FE029D1E65700FAC685 /* Sources */,
				40290FE129D1E65700FAC685 /* Frameworks */,
				40290FE229D1E65700FAC685 /* Resources */,
			);
			buildRules = (
			);
			dependencies = (
				40290FE629D1E65700FAC685 /* PBXTargetDependency */,
			);
			name = "Meta ios developerTests";
			productName = "Meta ios developerTests";
			productReference = 40290FE429D1E65700FAC685 /* Meta ios developerTests.xctest */;
			productType = "com.apple.product-type.bundle.unit-test";
		};
		40290FED29D1E65700FAC685 /* Meta ios developerUITests */ = {
			isa = PBXNativeTarget;
			buildConfigurationList = 40290FFE29D1E65700FAC685 /* Build configuration list for PBXNativeTarget "Meta ios developerUITests" */;
			buildPhases = (
				40290FEA29D1E65700FAC685 /* Sources */,
				40290FEB29D1E65700FAC685 /* Frameworks */,
				40290FEC29D1E65700FAC685 /* Resources */,
			);
			buildRules = (
			);
			dependencies = (
				40290FF029D1E65700FAC685 /* PBXTargetDependency */,
			);
			name = "Meta ios developerUITests";
			productName = "Meta ios developerUITests";
			productReference = 40290FEE29D1E65700FAC685 /* Meta ios developerUITests.xctest */;
			productType = "com.apple.product-type.bundle.ui-testing";
		};
/* End PBXNativeTarget section */

/* Begin PBXProject section */
		40290FCC29D1E65600FAC685 /* Project object */ = {
			isa = PBXProject;
			attributes = {
				BuildIndependentTargetsInParallel = 1;
				LastSwiftUpdateCheck = 1420;
				LastUpgradeCheck = 1420;
				TargetAttributes = {
					40290FD329D1E65600FAC685 = {
						CreatedOnToolsVersion = 14.2;
					};
					40290FE329D1E65700FAC685 = {
						CreatedOnToolsVersion = 14.2;
						TestTargetID = 40290FD329D1E65600FAC685;
					};
					40290FED29D1E65700FAC685 = {
						CreatedOnToolsVersion = 14.2;
						TestTargetID = 40290FD329D1E65600FAC685;
					};
				};
			};
			buildConfigurationList = 40290FCF29D1E65600FAC685 /* Build configuration list for PBXProject "Meta ios developer" */;
			compatibilityVersion = "Xcode 14.0";
			developmentRegion = en;
			hasScannedForEncodings = 0;
			knownRegions = (
				en,
				Base,
			);
			mainGroup = 40290FCB29D1E65600FAC685;
			productRefGroup = 40290FD529D1E65600FAC685 /* Products */;
			projectDirPath = "";
			projectRoot = "";
			targets = (
				40290FD329D1E65600FAC685 /* Meta ios developer */,
				40290FE329D1E65700FAC685 /* Meta ios developerTests */,
				40290FED29D1E65700FAC685 /* Meta ios developerUITests */,
			);
		};
/* End PBXProject section */

/* Begin PBXResourcesBuildPhase section */
		40290FD229D1E65600FAC685 /* Resources */ = {
			isa = PBXResourcesBuildPhase;
			buildActionMask = 2147483647;
			files = (
				40290FDF29D1E65600FAC685 /* Preview Assets.xcassets in Resources */,
				40290FDC29D1E65600FAC685 /* Assets.xcassets in Resources */,
			);
			runOnlyForDeploymentPostprocessing = 0;
		};
		40290FE229D1E65700FAC685 /* Resources */ = {
			isa = PBXResourcesBuildPhase;
			buildActionMask = 2147483647;
			files = (
			);
			runOnlyForDeploymentPostprocessing = 0;
		};
		40290FEC29D1E65700FAC685 /* Resources */ = {
			isa = PBXResourcesBuildPhase;
			buildActionMask = 2147483647;
			files = (
			);
			runOnlyForDeploymentPostprocessing = 0;
		};
/* End PBXResourcesBuildPhase section */

/* Begin PBXSourcesBuildPhase section */
		40290FD029D1E65600FAC685 /* Sources */ = {
			isa = PBXSourcesBuildPhase;
			buildActionMask = 2147483647;
			files = (
				40290FDA29D1E65600FAC685 /* ContentView.swift in Sources */,
				40290FD829D1E65600FAC685 /* Meta_ios_developerApp.swift in Sources */,
			);
			runOnlyForDeploymentPostprocessing = 0;
		};
		40290FE029D1E65700FAC685 /* Sources */ = {
			isa = PBXSourcesBuildPhase;
			buildActionMask = 2147483647;
			files = (
				40290FE929D1E65700FAC685 /* Meta_ios_developerTests.swift in Sources */,
			);
			runOnlyForDeploymentPostprocessing = 0;
		};
		40290FEA29D1E65700FAC685 /* Sources */ = {
			isa = PBXSourcesBuildPhase;
			buildActionMask = 2147483647;
			files = (
				40290FF529D1E65700FAC685 /* Meta_ios_developerUITestsLaunchTests.swift in Sources */,
				40290FF329D1E65700FAC685 /* Meta_ios_developerUITests.swift in Sources */,
			);
			runOnlyForDeploymentPostprocessing = 0;
		};
/* End PBXSourcesBuildPhase section */

/* Begin PBXTargetDependency section */
		40290FE629D1E65700FAC685 /* PBXTargetDependency */ = {
			isa = PBXTargetDependency;
			target = 40290FD329D1E65600FAC685 /* Meta ios developer */;
			targetProxy = 40290FE529D1E65700FAC685 /* PBXContainerItemProxy */;
		};
		40290FF029D1E65700FAC685 /* PBXTargetDependency */ = {
			isa = PBXTargetDependency;
			target = 40290FD329D1E65600FAC685 /* Meta ios developer */;
			targetProxy = 40290FEF29D1E65700FAC685 /* PBXContainerItemProxy */;
		};
/* End PBXTargetDependency section */

/* Begin XCBuildConfiguration section */
		40290FF629D1E65700FAC685 /* Debug */ = {
			isa = XCBuildConfiguration;
			buildSettings = {
				ALWAYS_SEARCH_USER_PATHS = NO;
				CLANG_ANALYZER_NONNULL = YES;
				CLANG_ANALYZER_NUMBER_OBJECT_CONVERSION = YES_AGGRESSIVE;
				CLANG_CXX_LANGUAGE_STANDARD = "gnu++20";
				CLANG_ENABLE_MODULES = YES;
				CLANG_ENABLE_OBJC_ARC = YES;
				CLANG_ENABLE_OBJC_WEAK = YES;
				CLANG_WARN_BLOCK_CAPTURE_AUTORELEASING = YES;
				CLANG_WARN_BOOL_CONVERSION = YES;
				CLANG_WARN_COMMA = YES;
				CLANG_WARN_CONSTANT_CONVERSION = YES;
				CLANG_WARN_DEPRECATED_OBJC_IMPLEMENTATIONS = YES;
				CLANG_WARN_DIRECT_OBJC_ISA_USAGE = YES_ERROR;
				CLANG_WARN_DOCUMENTATION_COMMENTS = YES;
				CLANG_WARN_EMPTY_BODY = YES;
				CLANG_WARN_ENUM_CONVERSION = YES;
				CLANG_WARN_INFINITE_RECURSION = YES;
				CLANG_WARN_INT_CONVERSION = YES;
				CLANG_WARN_NON_LITERAL_NULL_CONVERSION = YES;
				CLANG_WARN_OBJC_IMPLICIT_RETAIN_SELF = YES;
				CLANG_WARN_OBJC_LITERAL_CONVERSION = YES;
				CLANG_WARN_OBJC_ROOT_CLASS = YES_ERROR;
				CLANG_WARN_QUOTED_INCLUDE_IN_FRAMEWORK_HEADER = YES;
				CLANG_WARN_RANGE_LOOP_ANALYSIS = YES;
				CLANG_WARN_STRICT_PROTOTYPES = YES;
				CLANG_WARN_SUSPICIOUS_MOVE = YES;
				CLANG_WARN_UNGUARDED_AVAILABILITY = YES_AGGRESSIVE;
				CLANG_WARN_UNREACHABLE_CODE = YES;
				CLANG_WARN__DUPLICATE_METHOD_MATCH = YES;
				COPY_PHASE_STRIP = NO;
				DEBUG_INFORMATION_FORMAT = dwarf;
				ENABLE_STRICT_OBJC_MSGSEND = YES;
				ENABLE_TESTABILITY = YES;
				GCC_C_LANGUAGE_STANDARD = gnu11;
				GCC_DYNAMIC_NO_PIC = NO;
				GCC_NO_COMMON_BLOCKS = YES;
				GCC_OPTIMIZATION_LEVEL = 0;
				GCC_PREPROCESSOR_DEFINITIONS = (
					"DEBUG=1",
					"$(inherited)",
				);
				GCC_WARN_64_TO_32_BIT_CONVERSION = YES;
				GCC_WARN_ABOUT_RETURN_TYPE = YES_ERROR;
				GCC_WARN_UNDECLARED_SELECTOR = YES;
				GCC_WARN_UNINITIALIZED_AUTOS = YES_AGGRESSIVE;
				GCC_WARN_UNUSED_FUNCTION = YES;
				GCC_WARN_UNUSED_VARIABLE = YES;
				IPHONEOS_DEPLOYMENT_TARGET = 16.2;
				MTL_ENABLE_DEBUG_INFO = INCLUDE_SOURCE;
				MTL_FAST_MATH = YES;
				ONLY_ACTIVE_ARCH = YES;
				SDKROOT = iphoneos;
				SWIFT_ACTIVE_COMPILATION_CONDITIONS = DEBUG;
				SWIFT_OPTIMIZATION_LEVEL = "-Onone";
			};
			name = Debug;
		};
		40290FF729D1E65700FAC685 /* Release */ = {
			isa = XCBuildConfiguration;
			buildSettings = {
				ALWAYS_SEARCH_USER_PATHS = NO;
				CLANG_ANALYZER_NONNULL = YES;
				CLANG_ANALYZER_NUMBER_OBJECT_CONVERSION = YES_AGGRESSIVE;
				CLANG_CXX_LANGUAGE_STANDARD = "gnu++20";
				CLANG_ENABLE_MODULES = YES;
				CLANG_ENABLE_OBJC_ARC = YES;
				CLANG_ENABLE_OBJC_WEAK = YES;
				CLANG_WARN_BLOCK_CAPTURE_AUTORELEASING = YES;
				CLANG_WARN_BOOL_CONVERSION = YES;
				CLANG_WARN_COMMA = YES;
				CLANG_WARN_CONSTANT_CONVERSION = YES;
				CLANG_WARN_DEPRECATED_OBJC_IMPLEMENTATIONS = YES;
				CLANG_WARN_DIRECT_OBJC_ISA_USAGE = YES_ERROR;
				CLANG_WARN_DOCUMENTATION_COMMENTS = YES;
				CLANG_WARN_EMPTY_BODY = YES;
				CLANG_WARN_ENUM_CONVERSION = YES;
				CLANG_WARN_INFINITE_RECURSION = YES;
				CLANG_WARN_INT_CONVERSION = YES;
				CLANG_WARN_NON_LITERAL_NULL_CONVERSION = YES;
				CLANG_WARN_OBJC_IMPLICIT_RETAIN_SELF = YES;
				CLANG_WARN_OBJC_LITERAL_CONVERSION = YES;
				CLANG_WARN_OBJC_ROOT_CLASS = YES_ERROR;
				CLANG_WARN_QUOTED_INCLUDE_IN_FRAMEWORK_HEADER = YES;
				CLANG_WARN_RANGE_LOOP_ANALYSIS = YES;
				CLANG_WARN_STRICT_PROTOTYPES = YES;
				CLANG_WARN_SUSPICIOUS_MOVE = YES;
				CLANG_WARN_UNGUARDED_AVAILABILITY = YES_AGGRESSIVE;
				CLANG_WARN_UNREACHABLE_CODE = YES;
				CLANG_WARN__DUPLICATE_METHOD_MATCH = YES;
				COPY_PHASE_STRIP = NO;
				DEBUG_INFORMATION_FORMAT = "dwarf-with-dsym";
				ENABLE_NS_ASSERTIONS = NO;
				ENABLE_STRICT_OBJC_MSGSEND = YES;
				GCC_C_LANGUAGE_STANDARD = gnu11;
				GCC_NO_COMMON_BLOCKS = YES;
				GCC_WARN_64_TO_32_BIT_CONVERSION = YES;
				GCC_WARN_ABOUT_RETURN_TYPE = YES_ERROR;
				GCC_WARN_UNDECLARED_SELECTOR = YES;
				GCC_WARN_UNINITIALIZED_AUTOS = YES_AGGRESSIVE;
				GCC_WARN_UNUSED_FUNCTION = YES;
				GCC_WARN_UNUSED_VARIABLE = YES;
				IPHONEOS_DEPLOYMENT_TARGET = 16.2;
				MTL_ENABLE_DEBUG_INFO = NO;
				MTL_FAST_MATH = YES;
				SDKROOT = iphoneos;
				SWIFT_COMPILATION_MODE = wholemodule;
				SWIFT_OPTIMIZATION_LEVEL = "-O";
				VALIDATE_PRODUCT = YES;
			};
			name = Release;
		};
		40290FF929D1E65700FAC685 /* Debug */ = {
			isa = XCBuildConfiguration;
			buildSettings = {
				ASSETCATALOG_COMPILER_APPICON_NAME = AppIcon;
				ASSETCATALOG_COMPILER_GLOBAL_ACCENT_COLOR_NAME = AccentColor;
				CODE_SIGN_STYLE = Automatic;
				CURRENT_PROJECT_VERSION = 1;
				DEVELOPMENT_ASSET_PATHS = "\"Meta ios developer/Preview Content\"";
				DEVELOPMENT_TEAM = G2L7X4MRS7;
				ENABLE_PREVIEWS = YES;
				GENERATE_INFOPLIST_FILE = YES;
				INFOPLIST_KEY_UIApplicationSceneManifest_Generation = YES;
				INFOPLIST_KEY_UIApplicationSupportsIndirectInputEvents = YES;
				INFOPLIST_KEY_UILaunchScreen_Generation = YES;
				INFOPLIST_KEY_UISupportedInterfaceOrientations_iPad = "UIInterfaceOrientationPortrait UIInterfaceOrientationPortraitUpsideDown UIInterfaceOrientationLandscapeLeft UIInterfaceOrientationLandscapeRight";
				INFOPLIST_KEY_UISupportedInterfaceOrientations_iPhone = "UIInterfaceOrientationPortrait UIInterfaceOrientationLandscapeLeft UIInterfaceOrientationLandscapeRight";
				LD_RUNPATH_SEARCH_PATHS = (
					"$(inherited)",
					"@executable_path/Frameworks",
				);
				MARKETING_VERSION = 1.0;
				PRODUCT_BUNDLE_IDENTIFIER = "com.pen7a.Meta-ios-developer";
				PRODUCT_NAME = "$(TARGET_NAME)";
				SWIFT_EMIT_LOC_STRINGS = YES;
				SWIFT_VERSION = 5.0;
				TARGETED_DEVICE_FAMILY = "1,2";
			};
			name = Debug;
		};
		40290FFA29D1E65700FAC685 /* Release */ = {
			isa = XCBuildConfiguration;
			buildSettings = {
				ASSETCATALOG_COMPILER_APPICON_NAME = AppIcon;
				ASSETCATALOG_COMPILER_GLOBAL_ACCENT_COLOR_NAME = AccentColor;
				CODE_SIGN_STYLE = Automatic;
				CURRENT_PROJECT_VERSION = 1;
				DEVELOPMENT_ASSET_PATHS = "\"Meta ios developer/Preview Content\"";
				DEVELOPMENT_TEAM = G2L7X4MRS7;
				ENABLE_PREVIEWS = YES;
				GENERATE_INFOPLIST_FILE = YES;
				INFOPLIST_KEY_UIApplicationSceneManifest_Generation = YES;
				INFOPLIST_KEY_UIApplicationSupportsIndirectInputEvents = YES;
				INFOPLIST_KEY_UILaunchScreen_Generation = YES;
				INFOPLIST_KEY_UISupportedInterfaceOrientations_iPad = "UIInterfaceOrientationPortrait UIInterfaceOrientationPortraitUpsideDown UIInterfaceOrientationLandscapeLeft UIInterfaceOrientationLandscapeRight";
				INFOPLIST_KEY_UISupportedInterfaceOrientations_iPhone = "UIInterfaceOrientationPortrait UIInterfaceOrientationLandscapeLeft UIInterfaceOrientationLandscapeRight";
				LD_RUNPATH_SEARCH_PATHS = (
					"$(inherited)",
					"@executable_path/Frameworks",
				);
				MARKETING_VERSION = 1.0;
				PRODUCT_BUNDLE_IDENTIFIER = "com.pen7a.Meta-ios-developer";
				PRODUCT_NAME = "$(TARGET_NAME)";
				SWIFT_EMIT_LOC_STRINGS = YES;
				SWIFT_VERSION = 5.0;
				TARGETED_DEVICE_FAMILY = "1,2";
			};
			name = Release;
		};
		40290FFC29D1E65700FAC685 /* Debug */ = {
			isa = XCBuildConfiguration;
			buildSettings = {
				ALWAYS_EMBED_SWIFT_STANDARD_LIBRARIES = YES;
				BUNDLE_LOADER = "$(TEST_HOST)";
				CODE_SIGN_STYLE = Automatic;
				CURRENT_PROJECT_VERSION = 1;
				DEVELOPMENT_TEAM = G2L7X4MRS7;
				GENERATE_INFOPLIST_FILE = YES;
				IPHONEOS_DEPLOYMENT_TARGET = 16.2;
				MARKETING_VERSION = 1.0;
				PRODUCT_BUNDLE_IDENTIFIER = "com.pen7a.Meta-ios-developerTests";
				PRODUCT_NAME = "$(TARGET_NAME)";
				SWIFT_EMIT_LOC_STRINGS = NO;
				SWIFT_VERSION = 5.0;
				TARGETED_DEVICE_FAMILY = "1,2";
				TEST_HOST = "$(BUILT_PRODUCTS_DIR)/Meta ios developer.app/$(BUNDLE_EXECUTABLE_FOLDER_PATH)/Meta ios developer";
			};
			name = Debug;
		};
		40290FFD29D1E65700FAC685 /* Release */ = {
			isa = XCBuildConfiguration;
			buildSettings = {
				ALWAYS_EMBED_SWIFT_STANDARD_LIBRARIES = YES;
				BUNDLE_LOADER = "$(TEST_HOST)";
				CODE_SIGN_STYLE = Automatic;
				CURRENT_PROJECT_VERSION = 1;
				DEVELOPMENT_TEAM = G2L7X4MRS7;
				GENERATE_INFOPLIST_FILE = YES;
				IPHONEOS_DEPLOYMENT_TARGET = 16.2;
				MARKETING_VERSION = 1.0;
				PRODUCT_BUNDLE_IDENTIFIER = "com.pen7a.Meta-ios-developerTests";
				PRODUCT_NAME = "$(TARGET_NAME)";
				SWIFT_EMIT_LOC_STRINGS = NO;
				SWIFT_VERSION = 5.0;
				TARGETED_DEVICE_FAMILY = "1,2";
				TEST_HOST = "$(BUILT_PRODUCTS_DIR)/Meta ios developer.app/$(BUNDLE_EXECUTABLE_FOLDER_PATH)/Meta ios developer";
			};
			name = Release;
		};
		40290FFF29D1E65700FAC685 /* Debug */ = {
			isa = XCBuildConfiguration;
			buildSettings = {
				ALWAYS_EMBED_SWIFT_STANDARD_LIBRARIES = YES;
				CODE_SIGN_STYLE = Automatic;
				CURRENT_PROJECT_VERSION = 1;
				DEVELOPMENT_TEAM = G2L7X4MRS7;
				GENERATE_INFOPLIST_FILE = YES;
				MARKETING_VERSION = 1.0;
				PRODUCT_BUNDLE_IDENTIFIER = "com.pen7a.Meta-ios-developerUITests";
				PRODUCT_NAME = "$(TARGET_NAME)";
				SWIFT_EMIT_LOC_STRINGS = NO;
				SWIFT_VERSION = 5.0;
				TARGETED_DEVICE_FAMILY = "1,2";
				TEST_TARGET_NAME = "Meta ios developer";
			};
			name = Debug;
		};
		4029100029D1E65700FAC685 /* Release */ = {
			isa = XCBuildConfiguration;
			buildSettings = {
				ALWAYS_EMBED_SWIFT_STANDARD_LIBRARIES = YES;
				CODE_SIGN_STYLE = Automatic;
				CURRENT_PROJECT_VERSION = 1;
				DEVELOPMENT_TEAM = G2L7X4MRS7;
				GENERATE_INFOPLIST_FILE = YES;
				MARKETING_VERSION = 1.0;
				PRODUCT_BUNDLE_IDENTIFIER = "com.pen7a.Meta-ios-developerUITests";
				PRODUCT_NAME = "$(TARGET_NAME)";
				SWIFT_EMIT_LOC_STRINGS = NO;
				SWIFT_VERSION = 5.0;
				TARGETED_DEVICE_FAMILY = "1,2";
				TEST_TARGET_NAME = "Meta ios developer";
			};
			name = Release;
		};
/* End XCBuildConfiguration section */

/* Begin XCConfigurationList section */
		40290FCF29D1E65600FAC685 /* Build configuration list for PBXProject "Meta ios developer" */ = {
			isa = XCConfigurationList;
			buildConfigurations = (
				40290FF629D1E65700FAC685 /* Debug */,
				40290FF729D1E65700FAC685 /* Release */,
			);
			defaultConfigurationIsVisible = 0;
			defaultConfigurationName = Release;
		};
		40290FF829D1E65700FAC685 /* Build configuration list for PBXNativeTarget "Meta ios developer" */ = {
			isa = XCConfigurationList;
			buildConfigurations = (
				40290FF929D1E65700FAC685 /* Debug */,
				40290FFA29D1E65700FAC685 /* Release */,
			);
			defaultConfigurationIsVisible = 0;
			defaultConfigurationName = Release;
		};
		40290FFB29D1E65700FAC685 /* Build configuration list for PBXNativeTarget "Meta ios developerTests" */ = {
			isa = XCConfigurationList;
			buildConfigurations = (
				40290FFC29D1E65700FAC685 /* Debug */,
				40290FFD29D1E65700FAC685 /* Release */,
			);
			defaultConfigurationIsVisible = 0;
			defaultConfigurationName = Release;
		};
		40290FFE29D1E65700FAC685 /* Build configuration list for PBXNativeTarget "Meta ios developerUITests" */ = {
			isa = XCConfigurationList;
			buildConfigurations = (
				40290FFF29D1E65700FAC685 /* Debug */,
				4029100029D1E65700FAC685 /* Release */,
			);
			defaultConfigurationIsVisible = 0;
			defaultConfigurationName = Release;
		};
/* End XCConfigurationList section */
	};
	rootObject = 40290FCC29D1E65600FAC685 /* Project object */;
}
